
Microsoft Visual Studio Solution File, Format Version 12.00
# Visual Studio 15
VisualStudioVersion = 15.0.26020.0
MinimumVisualStudioVersion = 10.0.40219.1
Project("{2150E333-8FDC-42A3-9474-1A3956D46DE8}") = "src", "src", "{610A07D1-854F-40E3-9EBD-71E7A2B9B6FB}"
EndProject
Project("{2150E333-8FDC-42A3-9474-1A3956D46DE8}") = "Solution Items", "Solution Items", "{BE0EFFAB-68DC-4E71-99BD-5F19A7D7319F}"
	ProjectSection(SolutionItems) = preProject
		global.json = global.json
	EndProjectSection
EndProject
Project("{9A19103F-16F7-4668-BE54-9A1E7A4F7556}") = "MixinExplorer", "src\MixinExplorer\MixinExplorer.xproj", "{113A98C7-B6BD-4098-9E4E-6696E215BAB0}"
EndProject
Global
	GlobalSection(SolutionConfigurationPlatforms) = preSolution
		Debug|Any CPU = Debug|Any CPU
		Release|Any CPU = Release|Any CPU
	EndGlobalSection
	GlobalSection(ProjectConfigurationPlatforms) = postSolution
		{113A98C7-B6BD-4098-9E4E-6696E215BAB0}.Debug|Any CPU.ActiveCfg = Debug|Any CPU
		{113A98C7-B6BD-4098-9E4E-6696E215BAB0}.Debug|Any CPU.Build.0 = Debug|Any CPU
		{113A98C7-B6BD-4098-9E4E-6696E215BAB0}.Release|Any CPU.ActiveCfg = Release|Any CPU
		{113A98C7-B6BD-4098-9E4E-6696E215BAB0}.Release|Any CPU.Build.0 = Release|Any CPU
	EndGlobalSection
	GlobalSection(SolutionProperties) = preSolution
		HideSolutionNode = FALSE
	EndGlobalSection
	GlobalSection(NestedProjects) = preSolution
		{113A98C7-B6BD-4098-9E4E-6696E215BAB0} = {610A07D1-854F-40E3-9EBD-71E7A2B9B6FB}
	EndGlobalSection
EndGlobal
